<?xml version="1.0" encoding="utf-8"?>
<Project ToolsVersion="4.0" xmlns="http://schemas.microsoft.com/developer/msbuild/2003">
  <ItemGroup>
    <Filter Include="Source Files">
      <UniqueIdentifier>{4FC737F1-C7A5-4376-A066-2A32D752A2FF}</UniqueIdentifier>
      <Extensions>cpp;c;cc;cxx;def;odl;idl;hpj;bat;asm;asmx</Extensions>
    </Filter>
    <Filter Include="Header Files">
      <UniqueIdentifier>{93995380-89BD-4b04-88EB-625FBE52EBFB}</UniqueIdentifier>
      <Extensions>h;hh;hpp;hxx;hm;inl;inc;xsd</Extensions>
    </Filter>
    <Filter Include="Resource Files">
      <UniqueIdentifier>{67DA6AB6-F800-4c08-8B7A-83BB121AAD01}</UniqueIdentifier>
      <Extensions>rc;ico;cur;bmp;dlg;rc2;rct;bin;rgs;gif;jpg;jpeg;jpe;resx;tiff;tif;png;wav;mfcribbon-ms</Extensions>
    </Filter>
    <Filter Include="glfw">
      <UniqueIdentifier>{422e20da-2cf0-4bda-9833-a89b7ab453a1}</UniqueIdentifier>
    </Filter>
    <Filter Include="glew">
      <UniqueIdentifier>{296e1ba9-28bc-4e0b-8d4e-413551edca96}</UniqueIdentifier>
    </Filter>
    <Filter Include="Shaders">
      <UniqueIdentifier>{0628083b-a31c-4825-822c-11b6f933e7bd}</UniqueIdentifier>
    </Filter>
    <Filter Include="Source Files\src">
      <UniqueIdentifier>{03a63878-6379-4927-a360-bcd2132c08ff}</UniqueIdentifier>
    </Filter>
    <Filter Include="glad">
      <UniqueIdentifier>{bd1b1a2e-a969-40f0-a07f-e89667ec4a93}</UniqueIdentifier>
    </Filter>
    <Filter Include="Source Files\src\managers">
      <UniqueIdentifier>{eab6be06-ae73-4369-b631-5d658692ab41}</UniqueIdentifier>
    </Filter>
    <Filter Include="Source Files\src\ECS">
      <UniqueIdentifier>{058ee404-be8c-4d7f-879b-eda1c6c64e0a}</UniqueIdentifier>
    </Filter>
    <Filter Include="Source Files\src\ECS\components">
      <UniqueIdentifier>{3b4c4c7c-718f-4296-ae5b-d22e7730db99}</UniqueIdentifier>
    </Filter>
    <Filter Include="Source Files\src\ECS\systems">
      <UniqueIdentifier>{fd70842b-1d58-4593-acf0-15fb034980f0}</UniqueIdentifier>
    </Filter>
    <Filter Include="Source Files\src\Renderer">
      <UniqueIdentifier>{4cefd204-aa28-4739-a43c-648e99801fe0}</UniqueIdentifier>
    </Filter>
    <Filter Include="Source Files\src\Renderer\components">
      <UniqueIdentifier>{08521664-d13a-4a39-94f4-59f3319db6a8}</UniqueIdentifier>
    </Filter>
    <Filter Include="Source Files\src\Renderer\resources">
      <UniqueIdentifier>{cd7ff7bf-2364-48d7-bf58-369bb2678fc6}</UniqueIdentifier>
    </Filter>
    <Filter Include="Source Files\src\Renderer\managers">
      <UniqueIdentifier>{b9252713-0318-4056-a7e2-9dda1e1cc94a}</UniqueIdentifier>
    </Filter>
    <Filter Include="stbimage">
      <UniqueIdentifier>{f86e073d-64d8-424e-b56d-90374522d119}</UniqueIdentifier>
    </Filter>
  </ItemGroup>
  <ItemGroup>
    <ClInclude Include="..\lib\glfw\glfw3.h">
      <Filter>glfw</Filter>
    </ClInclude>
    <ClInclude Include="..\lib\glfw\glfw3native.h">
      <Filter>glfw</Filter>
    </ClInclude>
    <ClInclude Include="..\lib\glew\GL\glew.h">
      <Filter>glew</Filter>
    </ClInclude>
    <ClInclude Include="..\lib\glad\GL\glad.h">
      <Filter>glad</Filter>
    </ClInclude>
    <ClInclude Include="..\lib\glad\KHR\khrplatform.h">
      <Filter>glad</Filter>
    </ClInclude>
    <ClInclude Include="..\src\managers\GameEngine.hpp">
      <Filter>Source Files\src\managers</Filter>
    </ClInclude>
    <ClInclude Include="..\src\renderer\resources\Buffer.h">
      <Filter>Source Files\src\Renderer\resources</Filter>
    </ClInclude>
    <ClInclude Include="..\src\renderer\resources\Mesh.hpp">
      <Filter>Source Files\src\Renderer\resources</Filter>
    </ClInclude>
    <ClInclude Include="..\src\renderer\resources\Shader.h">
      <Filter>Source Files\src\Renderer\resources</Filter>
    </ClInclude>
    <ClInclude Include="..\src\renderer\resources\State.hpp">
      <Filter>Source Files\src\Renderer\resources</Filter>
    </ClInclude>
    <ClInclude Include="..\src\renderer\resources\Vertex.h">
      <Filter>Source Files\src\Renderer\resources</Filter>
    </ClInclude>
    <ClInclude Include="..\src\renderer\components\Entity.hpp">
      <Filter>Source Files\src\Renderer\components</Filter>
    </ClInclude>
    <ClInclude Include="..\src\renderer\components\Model.hpp">
      <Filter>Source Files\src\Renderer\components</Filter>
    </ClInclude>
    <ClInclude Include="..\src\renderer\components\Camera.hpp">
      <Filter>Source Files\src\Renderer\components</Filter>
    </ClInclude>
    <ClInclude Include="..\src\ECS\Entitymanager.hpp">
      <Filter>Source Files\src\ECS</Filter>
    </ClInclude>
    <ClInclude Include="..\src\ECS\meta_program.hpp">
      <Filter>Source Files\src\ECS</Filter>
    </ClInclude>
    <ClInclude Include="..\src\ECS\types.hpp">
      <Filter>Source Files\src\ECS</Filter>
    </ClInclude>
    <ClInclude Include="..\src\ECS\components\RenderComponent.hpp">
      <Filter>Source Files\src\ECS\components</Filter>
    </ClInclude>
    <ClInclude Include="..\src\ECS\systems\RenderSystem.hpp">
      <Filter>Source Files\src\ECS\systems</Filter>
    </ClInclude>
    <ClInclude Include="..\src\renderer\managers\RenderManager.hpp">
      <Filter>Source Files\src\Renderer\managers</Filter>
    </ClInclude>
    <ClInclude Include="..\src\renderer\managers\WindowsManager.hpp">
      <Filter>Source Files\src\Renderer\managers</Filter>
    </ClInclude>
    <ClInclude Include="..\src\managers\EntityFactory.hpp">
      <Filter>Source Files\src\managers</Filter>
    </ClInclude>
    <ClInclude Include="..\src\renderer\managers\ResourceManager.hpp">
      <Filter>Source Files\src\Renderer\managers</Filter>
    </ClInclude>
    <ClInclude Include="..\src\renderer\resources\Material.hpp">
      <Filter>Source Files\src\Renderer\resources</Filter>
    </ClInclude>
    <ClInclude Include="..\src\renderer\resources\Texture.hpp">
      <Filter>Source Files\src\Renderer\resources</Filter>
    </ClInclude>
    <ClInclude Include="..\lib\stb_image.h">
      <Filter>stbimage</Filter>
    </ClInclude>
    <ClInclude Include="..\src\renderer\resources\Resource.hpp">
      <Filter>Source Files\src\Renderer\resources</Filter>
    </ClInclude>
    <ClInclude Include="..\src\renderer\managers\InputManager.hpp">
      <Filter>Source Files\src\Renderer\managers</Filter>
    </ClInclude>
    <ClInclude Include="..\src\ECS\systems\InputSystem.hpp">
      <Filter>Source Files\src\ECS\systems</Filter>
    </ClInclude>
  </ItemGroup>
  <ItemGroup>
    <ClCompile Include="..\lib\glew\glew.c">
      <Filter>glew</Filter>
    </ClCompile>
    <ClCompile Include="..\src\main.cpp">
      <Filter>Source Files\src</Filter>
    </ClCompile>
    <ClCompile Include="..\lib\glad\glad.c">
      <Filter>glad</Filter>
    </ClCompile>
    <ClCompile Include="..\src\managers\GameEngine.cpp">
      <Filter>Source Files\src\managers</Filter>
    </ClCompile>
    <ClCompile Include="..\src\renderer\resources\Buffer.cpp">
      <Filter>Source Files\src\Renderer\resources</Filter>
    </ClCompile>
    <ClCompile Include="..\src\renderer\resources\Mesh.cpp">
      <Filter>Source Files\src\Renderer\resources</Filter>
    </ClCompile>
    <ClCompile Include="..\src\renderer\resources\Shader.cpp">
      <Filter>Source Files\src\Renderer\resources</Filter>
    </ClCompile>
    <ClCompile Include="..\src\renderer\resources\Vertex.cpp">
      <Filter>Source Files\src\Renderer\resources</Filter>
    </ClCompile>
    <ClCompile Include="..\src\renderer\components\Entity.cpp">
      <Filter>Source Files\src\Renderer\components</Filter>
    </ClCompile>
    <ClCompile Include="..\src\renderer\components\Model.cpp">
      <Filter>Source Files\src\Renderer\components</Filter>
    </ClCompile>
    <ClCompile Include="..\src\renderer\components\Camera.cpp">
      <Filter>Source Files\src\Renderer\components</Filter>
    </ClCompile>
    <ClCompile Include="..\src\ECS\systems\RenderSystem.cpp">
      <Filter>Source Files\src\ECS\systems</Filter>
    </ClCompile>
    <ClCompile Include="..\src\renderer\managers\RenderManager.cpp">
      <Filter>Source Files\src\Renderer\managers</Filter>
    </ClCompile>
    <ClCompile Include="..\src\renderer\managers\WindowsManager.cpp">
      <Filter>Source Files\src\Renderer\managers</Filter>
    </ClCompile>
    <ClCompile Include="..\src\managers\EntityFactory.cpp">
      <Filter>Source Files\src\managers</Filter>
    </ClCompile>
    <ClCompile Include="..\src\renderer\managers\ResourceManager.cpp">
      <Filter>Source Files\src\Renderer\managers</Filter>
    </ClCompile>
    <ClCompile Include="..\src\renderer\resources\Material.cpp">
      <Filter>Source Files\src\Renderer\resources</Filter>
    </ClCompile>
    <ClCompile Include="..\src\renderer\resources\Texture.cpp">
      <Filter>Source Files\src\Renderer\resources</Filter>
    </ClCompile>
    <ClCompile Include="..\src\renderer\managers\InputManager.cpp">
      <Filter>Source Files\src\Renderer\managers</Filter>
    </ClCompile>
    <ClCompile Include="..\src\ECS\systems\InputSystem.cpp">
      <Filter>Source Files\src\ECS\systems</Filter>
    </ClCompile>
  </ItemGroup>
  <ItemGroup>
    <None Include="..\data\fragment.glsl">
      <Filter>Shaders</Filter>
    </None>
    <None Include="..\data\vertex.glsl">
      <Filter>Shaders</Filter>
    </None>
  </ItemGroup>
</Project>